{
    "_readme": [
        "This file locks the dependencies of your project to a known state",
        "Read more about it at https://getcomposer.org/doc/01-basic-usage.md#composer-lock-the-lock-file",
        "This file is @generated automatically"
    ],
    "hash": "3900d45706f952b8b4bb28e5712d0afa",
    "content-hash": "5dfadb123b1c1c74dbc26c6a1b134944",
    "packages": [
        {
            "name": "sofadesign/limonade",
            "version": "dev-master",
            "source": {
                "type": "git",
                "url": "https://github.com/sofadesign/limonade.git",
                "reference": "1bf0907b6e89997ebd3642476e15f2b7ce414ca0"
            },
            "dist": {
                "type": "zip",
                "url": "https://api.github.com/repos/sofadesign/limonade/zipball/1bf0907b6e89997ebd3642476e15f2b7ce414ca0",
                "reference": "1bf0907b6e89997ebd3642476e15f2b7ce414ca0",
                "shasum": ""
            },
            "type": "library",
            "autoload": {
                "files": [
                    "lib/limonade.php"
                ]
            },
            "notification-url": "https://packagist.org/downloads/",
            "description": "a PHP micro-framework",
            "homepage": "https://github.com/sofadesign/limonade",
            "keywords": [
                "microframework"
            ],
            "time": "2018-09-10 15:10:09"
        }
    ],
    "packages-dev": [],
    "aliases": [],
    "minimum-stability": "stable",
    "stability-flags": {
        "sofadesign/limonade": 20
    },
    "prefer-stable": false,
    "prefer-lowest": false,
    "platform": [],
    "platform-dev": []
}
